{
  "pins" : [
    {
      "identity" : "altkit",
      "kind" : "remoteSourceControl",
      "location" : "https://github.com/rileytestut/AltKit.git",
      "state" : {
        "revision" : "f799f60ef6fa8b9676b4102b7dfa169fb40b6c92",
        "version" : "0.0.2"
      }
    },
    {
      "identity" : "cocoaspice",
      "kind" : "remoteSourceControl",
      "location" : "https://github.com/utmapp/CocoaSpice.git",
      "state" : {
        "branch" : "visionos",
        "revision" : "5405e085b9bc45ab13a862ddea350fdf660db86d"
      }
    },
    {
      "identity" : "inappsettingskit",
      "kind" : "remoteSourceControl",
      "location" : "https://github.com/futuretap/InAppSettingsKit.git",
      "state" : {
        "revision" : "1c5122f51206ea86b2301ea8a93e7703617a9b40",
        "version" : "3.3.6"
      }
    },
    {
      "identity" : "iqkeyboardmanager",
      "kind" : "remoteSourceControl",
      "location" : "https://github.com/hackiftekhar/IQKeyboardManager.git",
      "state" : {
        "revision" : "4dc6bc7d1c9747bd0c261c8c055903f9fdef91f7",
        "version" : "6.5.6"
      }
    },
    {
      "identity" : "qemukit",
      "kind" : "remoteSourceControl",
      "location" : "https://github.com/utmapp/QEMUKit.git",
      "state" : {
        "branch" : "main",
        "revision" : "7b080cd9c3831140ea36c03be0f26ac1c084f735"
      }
    },
    {
      "identity" : "swift-argument-parser",
      "kind" : "remoteSourceControl",
      "location" : "https://github.com/apple/swift-argument-parser.git",
      "state" : {
        "revision" : "fee6933f37fde9a5e12a1e4aeaa93fe60116ff2a",
        "version" : "1.2.2"
      }
    },
    {
      "identity" : "swift-log",
      "kind" : "remoteSourceControl",
      "location" : "https://github.com/apple/swift-log",
      "state" : {
        "revision" : "5996c7a1b4a3bc972a43f55c78437f23a8eae465"
      }
    },
    {
      "identity" : "swiftterm",
      "kind" : "remoteSourceControl",
      "location" : "https://github.com/osy/SwiftTerm.git",
      "state" : {
        "branch" : "visionos",
        "revision" : "ce8e0f17196e0fafa0f150ce129a91a04a97eb85"
      }
    },
    {
      "identity" : "swiftui-visual-effects",
      "kind" : "remoteSourceControl",
      "location" : "https://github.com/lucasbrown/swiftui-visual-effects.git",
      "state" : {
        "revision" : "b26f8cebd55ff60ed8953768aa818dfb005b5838",
        "version" : "1.0.3"
      }
    },
    {
      "identity" : "zipfoundation",
      "kind" : "remoteSourceControl",
      "location" : "https://github.com/osy/ZIPFoundation.git",
      "state" : {
        "revision" : "6793a6e7c587503aa078ec1246d71ef8fb50733b"
      }
    }
  ],
  "version" : 2
}
